
Microsoft Visual Studio Solution File, Format Version 12.00
# Visual Studio Version 17
VisualStudioVersion = 17.10.34804.81
MinimumVisualStudioVersion = 10.0.40219.1
Project("{E53339B2-1760-4266-BCC7-CA923CBCF16C}") = "docker-compose", "docker-compose.dcproj", "{117F0E23-1F7B-4C8E-8AF8-CDDCF11E1822}"
EndProject
Project("{2150E333-8FDC-42A3-9474-1A3956D46DE8}") = "Microservices", "Microservices", "{AF72B348-FCEC-44E9-8052-6CD728C7D023}"
EndProject
Project("{9A19103F-16F7-4668-BE54-9A1E7A4F7556}") = "ProductsWebApi", "src\ProductsWebApi\ProductsWebApi.csproj", "{0232CBB6-DEA8-473D-8C29-677832CFC4C4}"
EndProject
Global
	GlobalSection(SolutionConfigurationPlatforms) = preSolution
		Debug|Any CPU = Debug|Any CPU
		Release|Any CPU = Release|Any CPU
	EndGlobalSection
	GlobalSection(ProjectConfigurationPlatforms) = postSolution
		{117F0E23-1F7B-4C8E-8AF8-CDDCF11E1822}.Debug|Any CPU.ActiveCfg = Debug|Any CPU
		{117F0E23-1F7B-4C8E-8AF8-CDDCF11E1822}.Debug|Any CPU.Build.0 = Debug|Any CPU
		{117F0E23-1F7B-4C8E-8AF8-CDDCF11E1822}.Release|Any CPU.ActiveCfg = Release|Any CPU
		{117F0E23-1F7B-4C8E-8AF8-CDDCF11E1822}.Release|Any CPU.Build.0 = Release|Any CPU
		{0232CBB6-DEA8-473D-8C29-677832CFC4C4}.Debug|Any CPU.ActiveCfg = Debug|Any CPU
		{0232CBB6-DEA8-473D-8C29-677832CFC4C4}.Debug|Any CPU.Build.0 = Debug|Any CPU
		{0232CBB6-DEA8-473D-8C29-677832CFC4C4}.Release|Any CPU.ActiveCfg = Release|Any CPU
		{0232CBB6-DEA8-473D-8C29-677832CFC4C4}.Release|Any CPU.Build.0 = Release|Any CPU
	EndGlobalSection
	GlobalSection(SolutionProperties) = preSolution
		HideSolutionNode = FALSE
	EndGlobalSection
	GlobalSection(NestedProjects) = preSolution
		{0232CBB6-DEA8-473D-8C29-677832CFC4C4} = {AF72B348-FCEC-44E9-8052-6CD728C7D023}
	EndGlobalSection
	GlobalSection(ExtensibilityGlobals) = postSolution
		SolutionGuid = {FD9DD355-AD69-4677-A642-E96401BF4971}
	EndGlobalSection
EndGlobal
